
Microsoft Visual Studio Solution File, Format Version 12.00
# Visual Studio 15
VisualStudioVersion = 15.0.27703.2026
MinimumVisualStudioVersion = 10.0.40219.1
Project("{FAE04EC0-301F-11D3-BF4B-00C04F79EFBC}") = "SeaCombatValidator", "SeaCombatValidator\SeaCombatValidator.csproj", "{244CF3BB-5642-46A2-B0AD-574818E759C9}"
EndProject
Global
	GlobalSection(SolutionConfigurationPlatforms) = preSolution
		Debug|Any CPU = Debug|Any CPU
		Release|Any CPU = Release|Any CPU
	EndGlobalSection
	GlobalSection(ProjectConfigurationPlatforms) = postSolution
		{244CF3BB-5642-46A2-B0AD-574818E759C9}.Debug|Any CPU.ActiveCfg = Debug|Any CPU
		{244CF3BB-5642-46A2-B0AD-574818E759C9}.Debug|Any CPU.Build.0 = Debug|Any CPU
		{244CF3BB-5642-46A2-B0AD-574818E759C9}.Release|Any CPU.ActiveCfg = Release|Any CPU
		{244CF3BB-5642-46A2-B0AD-574818E759C9}.Release|Any CPU.Build.0 = Release|Any CPU
	EndGlobalSection
	GlobalSection(SolutionProperties) = preSolution
		HideSolutionNode = FALSE
	EndGlobalSection
	GlobalSection(ExtensibilityGlobals) = postSolution
		SolutionGuid = {F1B29710-9806-4147-90AD-D1E433E99845}
	EndGlobalSection
EndGlobal
